
Microsoft Visual Studio Solution File, Format Version 12.00
# Visual Studio Version 16
VisualStudioVersion = 16.0.31005.135
MinimumVisualStudioVersion = 10.0.40219.1
Project("{FAE04EC0-301F-11D3-BF4B-00C04F79EFBC}") = "Projekat blok graf", "Projekat blok graf\Projekat blok graf.csproj", "{F7972758-7226-4D13-84D4-3BF7121BED8B}"
EndProject
Global
	GlobalSection(SolutionConfigurationPlatforms) = preSolution
		Debug|Any CPU = Debug|Any CPU
		Release|Any CPU = Release|Any CPU
	EndGlobalSection
	GlobalSection(ProjectConfigurationPlatforms) = postSolution
		{F7972758-7226-4D13-84D4-3BF7121BED8B}.Debug|Any CPU.ActiveCfg = Debug|Any CPU
		{F7972758-7226-4D13-84D4-3BF7121BED8B}.Debug|Any CPU.Build.0 = Debug|Any CPU
		{F7972758-7226-4D13-84D4-3BF7121BED8B}.Release|Any CPU.ActiveCfg = Release|Any CPU
		{F7972758-7226-4D13-84D4-3BF7121BED8B}.Release|Any CPU.Build.0 = Release|Any CPU
	EndGlobalSection
	GlobalSection(SolutionProperties) = preSolution
		HideSolutionNode = FALSE
	EndGlobalSection
	GlobalSection(ExtensibilityGlobals) = postSolution
		SolutionGuid = {BC6A5099-FD18-4149-977C-2E5C380D128D}
	EndGlobalSection
EndGlobal
